// !$*UTF8*$!
{
	archiveVersion = 1;
	classes = {
	};
	objectVersion = 56;
	objects = {

/* Begin PBXBuildFile section */
		0F692F372C1B899D00BC6E41 /* PrivacyInfo.xcprivacy in Resources */ = {isa = PBXBuildFile; fileRef = 0F692F362C1B899C00BC6E41 /* PrivacyInfo.xcprivacy */; };
		0F7C80702C18173900761F8C /* bpm.csv in Resources */ = {isa = PBXBuildFile; fileRef = 0F7C806F2C18173900761F8C /* bpm.csv */; };
		0F7C80722C1A9F1900761F8C /* sound.wav in Resources */ = {isa = PBXBuildFile; fileRef = 0F7C80712C1A9F1900761F8C /* sound.wav */; };
		0F7C80872C1AAF9C00761F8C /* ZenMaruGothic-Medium.ttf in Resources */ = {isa = PBXBuildFile; fileRef = 0F7C80822C1AAF9B00761F8C /* ZenMaruGothic-Medium.ttf */; };
		0F7C80882C1AAF9C00761F8C /* ZenMaruGothic-Black.ttf in Resources */ = {isa = PBXBuildFile; fileRef = 0F7C80832C1AAF9B00761F8C /* ZenMaruGothic-Black.ttf */; };
		0F7C80892C1AAF9C00761F8C /* ZenMaruGothic-Bold.ttf in Resources */ = {isa = PBXBuildFile; fileRef = 0F7C80842C1AAF9C00761F8C /* ZenMaruGothic-Bold.ttf */; };
		0F7C808A2C1AAF9C00761F8C /* ZenMaruGothic-Light.ttf in Resources */ = {isa = PBXBuildFile; fileRef = 0F7C80852C1AAF9C00761F8C /* ZenMaruGothic-Light.ttf */; };
		0F7C808B2C1AAF9C00761F8C /* ZenMaruGothic-Regular.ttf in Resources */ = {isa = PBXBuildFile; fileRef = 0F7C80862C1AAF9C00761F8C /* ZenMaruGothic-Regular.ttf */; };
		0FBC947A2BFCF89E00D87A25 /* AppDelegate.swift in Sources */ = {isa = PBXBuildFile; fileRef = 0FBC94792BFCF89E00D87A25 /* AppDelegate.swift */; };
		0FBC947C2BFCF89E00D87A25 /* SceneDelegate.swift in Sources */ = {isa = PBXBuildFile; fileRef = 0FBC947B2BFCF89E00D87A25 /* SceneDelegate.swift */; };
		0FBC94812BFCF89E00D87A25 /* Base in Resources */ = {isa = PBXBuildFile; fileRef = 0FBC94802BFCF89E00D87A25 /* Base */; };
		0FBC94832BFCF89F00D87A25 /* Assets.xcassets in Resources */ = {isa = PBXBuildFile; fileRef = 0FBC94822BFCF89F00D87A25 /* Assets.xcassets */; };
		0FBC94862BFCF89F00D87A25 /* Base in Resources */ = {isa = PBXBuildFile; fileRef = 0FBC94852BFCF89F00D87A25 /* Base */; };
		0FBC94902BFE40E300D87A25 /* HomeViewController.swift in Sources */ = {isa = PBXBuildFile; fileRef = 0FBC948F2BFE40E300D87A25 /* HomeViewController.swift */; };
		0FBC94942BFF21FB00D87A25 /* TabBarViewController.swift in Sources */ = {isa = PBXBuildFile; fileRef = 0FBC94932BFF21FB00D87A25 /* TabBarViewController.swift */; };
		0FBC94982BFF273300D87A25 /* PracticeTabViewController.swift in Sources */ = {isa = PBXBuildFile; fileRef = 0FBC94972BFF273300D87A25 /* PracticeTabViewController.swift */; };
		0FBC949A2BFF274500D87A25 /* CalenderTabViewController.swift in Sources */ = {isa = PBXBuildFile; fileRef = 0FBC94992BFF274500D87A25 /* CalenderTabViewController.swift */; };
		0FD53C802C12FC26002CA538 /* SpotifyManager.swift in Sources */ = {isa = PBXBuildFile; fileRef = 0FD53C7F2C12FC26002CA538 /* SpotifyManager.swift */; };
/* End PBXBuildFile section */

/* Begin PBXFileReference section */
		0F692F362C1B899C00BC6E41 /* PrivacyInfo.xcprivacy */ = {isa = PBXFileReference; fileEncoding = 4; lastKnownFileType = text.xml; path = PrivacyInfo.xcprivacy; sourceTree = "<group>"; };
		0F7C806F2C18173900761F8C /* bpm.csv */ = {isa = PBXFileReference; fileEncoding = 4; lastKnownFileType = text; path = bpm.csv; sourceTree = "<group>"; };
		0F7C80712C1A9F1900761F8C /* sound.wav */ = {isa = PBXFileReference; lastKnownFileType = audio.wav; path = sound.wav; sourceTree = "<group>"; };
		0F7C80822C1AAF9B00761F8C /* ZenMaruGothic-Medium.ttf */ = {isa = PBXFileReference; lastKnownFileType = file; path = "ZenMaruGothic-Medium.ttf"; sourceTree = "<group>"; };
		0F7C80832C1AAF9B00761F8C /* ZenMaruGothic-Black.ttf */ = {isa = PBXFileReference; lastKnownFileType = file; path = "ZenMaruGothic-Black.ttf"; sourceTree = "<group>"; };
		0F7C80842C1AAF9C00761F8C /* ZenMaruGothic-Bold.ttf */ = {isa = PBXFileReference; lastKnownFileType = file; path = "ZenMaruGothic-Bold.ttf"; sourceTree = "<group>"; };
		0F7C80852C1AAF9C00761F8C /* ZenMaruGothic-Light.ttf */ = {isa = PBXFileReference; lastKnownFileType = file; path = "ZenMaruGothic-Light.ttf"; sourceTree = "<group>"; };
		0F7C80862C1AAF9C00761F8C /* ZenMaruGothic-Regular.ttf */ = {isa = PBXFileReference; lastKnownFileType = file; path = "ZenMaruGothic-Regular.ttf"; sourceTree = "<group>"; };
		0FBC94762BFCF89E00D87A25 /* tanorenn.app */ = {isa = PBXFileReference; explicitFileType = wrapper.application; includeInIndex = 0; path = tanorenn.app; sourceTree = BUILT_PRODUCTS_DIR; };
		0FBC94792BFCF89E00D87A25 /* AppDelegate.swift */ = {isa = PBXFileReference; lastKnownFileType = sourcecode.swift; path = AppDelegate.swift; sourceTree = "<group>"; };
		0FBC947B2BFCF89E00D87A25 /* SceneDelegate.swift */ = {isa = PBXFileReference; lastKnownFileType = sourcecode.swift; path = SceneDelegate.swift; sourceTree = "<group>"; };
		0FBC94802BFCF89E00D87A25 /* Base */ = {isa = PBXFileReference; lastKnownFileType = file.storyboard; name = Base; path = Base.lproj/Main.storyboard; sourceTree = "<group>"; };
		0FBC94822BFCF89F00D87A25 /* Assets.xcassets */ = {isa = PBXFileReference; lastKnownFileType = folder.assetcatalog; path = Assets.xcassets; sourceTree = "<group>"; };
		0FBC94852BFCF89F00D87A25 /* Base */ = {isa = PBXFileReference; lastKnownFileType = file.storyboard; name = Base; path = Base.lproj/LaunchScreen.storyboard; sourceTree = "<group>"; };
		0FBC94872BFCF89F00D87A25 /* Info.plist */ = {isa = PBXFileReference; lastKnownFileType = text.plist.xml; path = Info.plist; sourceTree = "<group>"; };
		0FBC948F2BFE40E300D87A25 /* HomeViewController.swift */ = {isa = PBXFileReference; lastKnownFileType = sourcecode.swift; path = HomeViewController.swift; sourceTree = "<group>"; };
		0FBC94932BFF21FB00D87A25 /* TabBarViewController.swift */ = {isa = PBXFileReference; lastKnownFileType = sourcecode.swift; path = TabBarViewController.swift; sourceTree = "<group>"; };
		0FBC94972BFF273300D87A25 /* PracticeTabViewController.swift */ = {isa = PBXFileReference; lastKnownFileType = sourcecode.swift; path = PracticeTabViewController.swift; sourceTree = "<group>"; };
		0FBC94992BFF274500D87A25 /* CalenderTabViewController.swift */ = {isa = PBXFileReference; lastKnownFileType = sourcecode.swift; path = CalenderTabViewController.swift; sourceTree = "<group>"; };
		0FD53C7A2C12FABA002CA538 /* SpotifyiOS.xcframework */ = {isa = PBXFileReference; lastKnownFileType = wrapper.xcframework; name = SpotifyiOS.xcframework; path = "../ios-sdk-2.0.1/SpotifyiOS.xcframework"; sourceTree = "<group>"; };
		0FD53C7F2C12FC26002CA538 /* SpotifyManager.swift */ = {isa = PBXFileReference; lastKnownFileType = sourcecode.swift; path = SpotifyManager.swift; sourceTree = "<group>"; };
/* End PBXFileReference section */

/* Begin PBXFrameworksBuildPhase section */
		0FBC94732BFCF89E00D87A25 /* Frameworks */ = {
			isa = PBXFrameworksBuildPhase;
			buildActionMask = 2147483647;
			files = (
			);
			runOnlyForDeploymentPostprocessing = 0;
		};
/* End PBXFrameworksBuildPhase section */

/* Begin PBXGroup section */
		0F7C80732C1AAB9E00761F8C /* Fonts */ = {
			isa = PBXGroup;
			children = (
				0F7C80832C1AAF9B00761F8C /* ZenMaruGothic-Black.ttf */,
				0F7C80842C1AAF9C00761F8C /* ZenMaruGothic-Bold.ttf */,
				0F7C80852C1AAF9C00761F8C /* ZenMaruGothic-Light.ttf */,
				0F7C80822C1AAF9B00761F8C /* ZenMaruGothic-Medium.ttf */,
				0F7C80862C1AAF9C00761F8C /* ZenMaruGothic-Regular.ttf */,
			);
			path = Fonts;
			sourceTree = "<group>";
		};
		0FBC946D2BFCF89E00D87A25 = {
			isa = PBXGroup;
			children = (
				0FBC94782BFCF89E00D87A25 /* tanorenn */,
				0FBC94772BFCF89E00D87A25 /* Products */,
				0FD53C782C12FA5E002CA538 /* Frameworks */,
			);
			sourceTree = "<group>";
		};
		0FBC94772BFCF89E00D87A25 /* Products */ = {
			isa = PBXGroup;
			children = (
				0FBC94762BFCF89E00D87A25 /* tanorenn.app */,
			);
			name = Products;
			sourceTree = "<group>";
		};
		0FBC94782BFCF89E00D87A25 /* tanorenn */ = {
			isa = PBXGroup;
			children = (
				0F7C80732C1AAB9E00761F8C /* Fonts */,
				0FBC94792BFCF89E00D87A25 /* AppDelegate.swift */,
				0FBC947B2BFCF89E00D87A25 /* SceneDelegate.swift */,
				0FBC947F2BFCF89E00D87A25 /* Main.storyboard */,
				0F7C806F2C18173900761F8C /* bpm.csv */,
				0FBC94822BFCF89F00D87A25 /* Assets.xcassets */,
				0FBC94842BFCF89F00D87A25 /* LaunchScreen.storyboard */,
				0FBC94872BFCF89F00D87A25 /* Info.plist */,
				0FBC948F2BFE40E300D87A25 /* HomeViewController.swift */,
				0FBC94932BFF21FB00D87A25 /* TabBarViewController.swift */,
				0FBC94972BFF273300D87A25 /* PracticeTabViewController.swift */,
				0FBC94992BFF274500D87A25 /* CalenderTabViewController.swift */,
				0FD53C7F2C12FC26002CA538 /* SpotifyManager.swift */,
				0F7C80712C1A9F1900761F8C /* sound.wav */,
				0F692F362C1B899C00BC6E41 /* PrivacyInfo.xcprivacy */,
			);
			path = tanorenn;
			sourceTree = "<group>";
		};
		0FD53C782C12FA5E002CA538 /* Frameworks */ = {
			isa = PBXGroup;
			children = (
				0FD53C7A2C12FABA002CA538 /* SpotifyiOS.xcframework */,
			);
			name = Frameworks;
			sourceTree = "<group>";
		};
/* End PBXGroup section */

/* Begin PBXNativeTarget section */
		0FBC94752BFCF89E00D87A25 /* tanorenn */ = {
			isa = PBXNativeTarget;
			buildConfigurationList = 0FBC948A2BFCF89F00D87A25 /* Build configuration list for PBXNativeTarget "tanorenn" */;
			buildPhases = (
				0FBC94722BFCF89E00D87A25 /* Sources */,
				0FBC94732BFCF89E00D87A25 /* Frameworks */,
				0FBC94742BFCF89E00D87A25 /* Resources */,
			);
			buildRules = (
			);
			dependencies = (
			);
			name = tanorenn;
			productName = tanorenn;
			productReference = 0FBC94762BFCF89E00D87A25 /* tanorenn.app */;
			productType = "com.apple.product-type.application";
		};
/* End PBXNativeTarget section */

/* Begin PBXProject section */
		0FBC946E2BFCF89E00D87A25 /* Project object */ = {
			isa = PBXProject;
			attributes = {
				BuildIndependentTargetsInParallel = 1;
				LastSwiftUpdateCheck = 1530;
				LastUpgradeCheck = 1530;
				TargetAttributes = {
					0FBC94752BFCF89E00D87A25 = {
						CreatedOnToolsVersion = 15.3;
					};
				};
			};
			buildConfigurationList = 0FBC94712BFCF89E00D87A25 /* Build configuration list for PBXProject "tanorenn" */;
			compatibilityVersion = "Xcode 14.0";
			developmentRegion = en;
			hasScannedForEncodings = 0;
			knownRegions = (
				en,
				Base,
			);
			mainGroup = 0FBC946D2BFCF89E00D87A25;
			productRefGroup = 0FBC94772BFCF89E00D87A25 /* Products */;
			projectDirPath = "";
			projectRoot = "";
			targets = (
				0FBC94752BFCF89E00D87A25 /* tanorenn */,
			);
		};
/* End PBXProject section */

/* Begin PBXResourcesBuildPhase section */
		0FBC94742BFCF89E00D87A25 /* Resources */ = {
			isa = PBXResourcesBuildPhase;
			buildActionMask = 2147483647;
			files = (
				0FBC94832BFCF89F00D87A25 /* Assets.xcassets in Resources */,
				0F7C80722C1A9F1900761F8C /* sound.wav in Resources */,
				0F7C80892C1AAF9C00761F8C /* ZenMaruGothic-Bold.ttf in Resources */,
				0FBC94862BFCF89F00D87A25 /* Base in Resources */,
				0FBC94812BFCF89E00D87A25 /* Base in Resources */,
				0F692F372C1B899D00BC6E41 /* PrivacyInfo.xcprivacy in Resources */,
				0F7C808A2C1AAF9C00761F8C /* ZenMaruGothic-Light.ttf in Resources */,
				0F7C80882C1AAF9C00761F8C /* ZenMaruGothic-Black.ttf in Resources */,
				0F7C80702C18173900761F8C /* bpm.csv in Resources */,
				0F7C808B2C1AAF9C00761F8C /* ZenMaruGothic-Regular.ttf in Resources */,
				0F7C80872C1AAF9C00761F8C /* ZenMaruGothic-Medium.ttf in Resources */,
			);
			runOnlyForDeploymentPostprocessing = 0;
		};
/* End PBXResourcesBuildPhase section */

/* Begin PBXSourcesBuildPhase section */
		0FBC94722BFCF89E00D87A25 /* Sources */ = {
			isa = PBXSourcesBuildPhase;
			buildActionMask = 2147483647;
			files = (
				0FBC949A2BFF274500D87A25 /* CalenderTabViewController.swift in Sources */,
				0FBC94942BFF21FB00D87A25 /* TabBarViewController.swift in Sources */,
				0FBC947A2BFCF89E00D87A25 /* AppDelegate.swift in Sources */,
				0FBC94902BFE40E300D87A25 /* HomeViewController.swift in Sources */,
				0FBC94982BFF273300D87A25 /* PracticeTabViewController.swift in Sources */,
				0FBC947C2BFCF89E00D87A25 /* SceneDelegate.swift in Sources */,
				0FD53C802C12FC26002CA538 /* SpotifyManager.swift in Sources */,
			);
			runOnlyForDeploymentPostprocessing = 0;
		};
/* End PBXSourcesBuildPhase section */

/* Begin PBXVariantGroup section */
		0FBC947F2BFCF89E00D87A25 /* Main.storyboard */ = {
			isa = PBXVariantGroup;
			children = (
				0FBC94802BFCF89E00D87A25 /* Base */,
			);
			name = Main.storyboard;
			sourceTree = "<group>";
		};
		0FBC94842BFCF89F00D87A25 /* LaunchScreen.storyboard */ = {
			isa = PBXVariantGroup;
			children = (
				0FBC94852BFCF89F00D87A25 /* Base */,
			);
			name = LaunchScreen.storyboard;
			sourceTree = "<group>";
		};
/* End PBXVariantGroup section */

/* Begin XCBuildConfiguration section */
		0FBC94882BFCF89F00D87A25 /* Debug */ = {
			isa = XCBuildConfiguration;
			buildSettings = {
				ALWAYS_SEARCH_USER_PATHS = NO;
				ASSETCATALOG_COMPILER_GENERATE_SWIFT_ASSET_SYMBOL_EXTENSIONS = YES;
				CLANG_ANALYZER_NONNULL = YES;
				CLANG_ANALYZER_NUMBER_OBJECT_CONVERSION = YES_AGGRESSIVE;
				CLANG_CXX_LANGUAGE_STANDARD = "gnu++20";
				CLANG_ENABLE_MODULES = YES;
				CLANG_ENABLE_OBJC_ARC = YES;
				CLANG_ENABLE_OBJC_WEAK = YES;
				CLANG_WARN_BLOCK_CAPTURE_AUTORELEASING = YES;
				CLANG_WARN_BOOL_CONVERSION = YES;
				CLANG_WARN_COMMA = YES;
				CLANG_WARN_CONSTANT_CONVERSION = YES;
				CLANG_WARN_DEPRECATED_OBJC_IMPLEMENTATIONS = YES;
				CLANG_WARN_DIRECT_OBJC_ISA_USAGE = YES_ERROR;
				CLANG_WARN_DOCUMENTATION_COMMENTS = YES;
				CLANG_WARN_EMPTY_BODY = YES;
				CLANG_WARN_ENUM_CONVERSION = YES;
				CLANG_WARN_INFINITE_RECURSION = YES;
				CLANG_WARN_INT_CONVERSION = YES;
				CLANG_WARN_NON_LITERAL_NULL_CONVERSION = YES;
				CLANG_WARN_OBJC_IMPLICIT_RETAIN_SELF = YES;
				CLANG_WARN_OBJC_LITERAL_CONVERSION = YES;
				CLANG_WARN_OBJC_ROOT_CLASS = YES_ERROR;
				CLANG_WARN_QUOTED_INCLUDE_IN_FRAMEWORK_HEADER = YES;
				CLANG_WARN_RANGE_LOOP_ANALYSIS = YES;
				CLANG_WARN_STRICT_PROTOTYPES = YES;
				CLANG_WARN_SUSPICIOUS_MOVE = YES;
				CLANG_WARN_UNGUARDED_AVAILABILITY = YES_AGGRESSIVE;
				CLANG_WARN_UNREACHABLE_CODE = YES;
				CLANG_WARN__DUPLICATE_METHOD_MATCH = YES;
				COPY_PHASE_STRIP = NO;
				DEBUG_INFORMATION_FORMAT = dwarf;
				ENABLE_STRICT_OBJC_MSGSEND = YES;
				ENABLE_TESTABILITY = YES;
				ENABLE_USER_SCRIPT_SANDBOXING = YES;
				GCC_C_LANGUAGE_STANDARD = gnu17;
				GCC_DYNAMIC_NO_PIC = NO;
				GCC_NO_COMMON_BLOCKS = YES;
				GCC_OPTIMIZATION_LEVEL = 0;
				GCC_PREPROCESSOR_DEFINITIONS = (
					"DEBUG=1",
					"$(inherited)",
				);
				GCC_WARN_64_TO_32_BIT_CONVERSION = YES;
				GCC_WARN_ABOUT_RETURN_TYPE = YES_ERROR;
				GCC_WARN_UNDECLARED_SELECTOR = YES;
				GCC_WARN_UNINITIALIZED_AUTOS = YES_AGGRESSIVE;
				GCC_WARN_UNUSED_FUNCTION = YES;
				GCC_WARN_UNUSED_VARIABLE = YES;
				IPHONEOS_DEPLOYMENT_TARGET = 17.4;
				LOCALIZATION_PREFERS_STRING_CATALOGS = YES;
				MTL_ENABLE_DEBUG_INFO = INCLUDE_SOURCE;
				MTL_FAST_MATH = YES;
				ONLY_ACTIVE_ARCH = YES;
				SDKROOT = iphoneos;
				SWIFT_ACTIVE_COMPILATION_CONDITIONS = "DEBUG $(inherited)";
				SWIFT_OPTIMIZATION_LEVEL = "-Onone";
			};
			name = Debug;
		};
		0FBC94892BFCF89F00D87A25 /* Release */ = {
			isa = XCBuildConfiguration;
			buildSettings = {
				ALWAYS_SEARCH_USER_PATHS = NO;
				ASSETCATALOG_COMPILER_GENERATE_SWIFT_ASSET_SYMBOL_EXTENSIONS = YES;
				CLANG_ANALYZER_NONNULL = YES;
				CLANG_ANALYZER_NUMBER_OBJECT_CONVERSION = YES_AGGRESSIVE;
				CLANG_CXX_LANGUAGE_STANDARD = "gnu++20";
				CLANG_ENABLE_MODULES = YES;
				CLANG_ENABLE_OBJC_ARC = YES;
				CLANG_ENABLE_OBJC_WEAK = YES;
				CLANG_WARN_BLOCK_CAPTURE_AUTORELEASING = YES;
				CLANG_WARN_BOOL_CONVERSION = YES;
				CLANG_WARN_COMMA = YES;
				CLANG_WARN_CONSTANT_CONVERSION = YES;
				CLANG_WARN_DEPRECATED_OBJC_IMPLEMENTATIONS = YES;
				CLANG_WARN_DIRECT_OBJC_ISA_USAGE = YES_ERROR;
				CLANG_WARN_DOCUMENTATION_COMMENTS = YES;
				CLANG_WARN_EMPTY_BODY = YES;
				CLANG_WARN_ENUM_CONVERSION = YES;
				CLANG_WARN_INFINITE_RECURSION = YES;
				CLANG_WARN_INT_CONVERSION = YES;
				CLANG_WARN_NON_LITERAL_NULL_CONVERSION = YES;
				CLANG_WARN_OBJC_IMPLICIT_RETAIN_SELF = YES;
				CLANG_WARN_OBJC_LITERAL_CONVERSION = YES;
				CLANG_WARN_OBJC_ROOT_CLASS = YES_ERROR;
				CLANG_WARN_QUOTED_INCLUDE_IN_FRAMEWORK_HEADER = YES;
				CLANG_WARN_RANGE_LOOP_ANALYSIS = YES;
				CLANG_WARN_STRICT_PROTOTYPES = YES;
				CLANG_WARN_SUSPICIOUS_MOVE = YES;
				CLANG_WARN_UNGUARDED_AVAILABILITY = YES_AGGRESSIVE;
				CLANG_WARN_UNREACHABLE_CODE = YES;
				CLANG_WARN__DUPLICATE_METHOD_MATCH = YES;
				COPY_PHASE_STRIP = NO;
				DEBUG_INFORMATION_FORMAT = "dwarf-with-dsym";
				ENABLE_NS_ASSERTIONS = NO;
				ENABLE_STRICT_OBJC_MSGSEND = YES;
				ENABLE_USER_SCRIPT_SANDBOXING = YES;
				GCC_C_LANGUAGE_STANDARD = gnu17;
				GCC_NO_COMMON_BLOCKS = YES;
				GCC_WARN_64_TO_32_BIT_CONVERSION = YES;
				GCC_WARN_ABOUT_RETURN_TYPE = YES_ERROR;
				GCC_WARN_UNDECLARED_SELECTOR = YES;
				GCC_WARN_UNINITIALIZED_AUTOS = YES_AGGRESSIVE;
				GCC_WARN_UNUSED_FUNCTION = YES;
				GCC_WARN_UNUSED_VARIABLE = YES;
				IPHONEOS_DEPLOYMENT_TARGET = 17.4;
				LOCALIZATION_PREFERS_STRING_CATALOGS = YES;
				MTL_ENABLE_DEBUG_INFO = NO;
				MTL_FAST_MATH = YES;
				SDKROOT = iphoneos;
				SWIFT_COMPILATION_MODE = wholemodule;
				VALIDATE_PRODUCT = YES;
			};
			name = Release;
		};
		0FBC948B2BFCF89F00D87A25 /* Debug */ = {
			isa = XCBuildConfiguration;
			buildSettings = {
				ALLOW_TARGET_PLATFORM_SPECIALIZATION = YES;
				ASSETCATALOG_COMPILER_APPICON_NAME = AppIcon;
				ASSETCATALOG_COMPILER_GLOBAL_ACCENT_COLOR_NAME = AccentColor;
				CODE_SIGN_STYLE = Automatic;
				CURRENT_PROJECT_VERSION = 1;
				DEVELOPMENT_TEAM = D8699ZRULU;
				GENERATE_INFOPLIST_FILE = YES;
				INFOPLIST_FILE = tanorenn/Info.plist;
				INFOPLIST_KEY_CFBundleDisplayName = tanorenn;
				INFOPLIST_KEY_UIApplicationSupportsIndirectInputEvents = YES;
				INFOPLIST_KEY_UILaunchStoryboardName = LaunchScreen;
				INFOPLIST_KEY_UIMainStoryboardFile = Main;
				INFOPLIST_KEY_UISupportedInterfaceOrientations_iPad = "UIInterfaceOrientationPortrait UIInterfaceOrientationPortraitUpsideDown UIInterfaceOrientationLandscapeLeft UIInterfaceOrientationLandscapeRight";
				INFOPLIST_KEY_UISupportedInterfaceOrientations_iPhone = "UIInterfaceOrientationPortrait UIInterfaceOrientationLandscapeLeft UIInterfaceOrientationLandscapeRight";
				LD_RUNPATH_SEARCH_PATHS = (
					"$(inherited)",
					"@executable_path/Frameworks",
				);
				MARKETING_VERSION = 2.0;
				OTHER_LDFLAGS = "";
				PRODUCT_BUNDLE_IDENTIFIER = "app.Saeki.dooon.metronome-app";
				PRODUCT_NAME = "$(TARGET_NAME)";
				SUPPORTED_PLATFORMS = "iphonesimulator iphoneos";
				SUPPORTS_MACCATALYST = YES;
				SWIFT_EMIT_LOC_STRINGS = YES;
				SWIFT_OBJC_BRIDGING_HEADER = "";
				SWIFT_VERSION = 5.0;
				TARGETED_DEVICE_FAMILY = "1,2";
			};
			name = Debug;
		};
		0FBC948C2BFCF89F00D87A25 /* Release */ = {
			isa = XCBuildConfiguration;
			buildSettings = {
				ALLOW_TARGET_PLATFORM_SPECIALIZATION = YES;
				ASSETCATALOG_COMPILER_APPICON_NAME = AppIcon;
				ASSETCATALOG_COMPILER_GLOBAL_ACCENT_COLOR_NAME = AccentColor;
				CODE_SIGN_STYLE = Automatic;
				CURRENT_PROJECT_VERSION = 1;
				DEVELOPMENT_TEAM = D8699ZRULU;
				GENERATE_INFOPLIST_FILE = YES;
				INFOPLIST_FILE = tanorenn/Info.plist;
				INFOPLIST_KEY_CFBundleDisplayName = tanorenn;
				INFOPLIST_KEY_UIApplicationSupportsIndirectInputEvents = YES;
				INFOPLIST_KEY_UILaunchStoryboardName = LaunchScreen;
				INFOPLIST_KEY_UIMainStoryboardFile = Main;
				INFOPLIST_KEY_UISupportedInterfaceOrientations_iPad = "UIInterfaceOrientationPortrait UIInterfaceOrientationPortraitUpsideDown UIInterfaceOrientationLandscapeLeft UIInterfaceOrientationLandscapeRight";
				INFOPLIST_KEY_UISupportedInterfaceOrientations_iPhone = "UIInterfaceOrientationPortrait UIInterfaceOrientationLandscapeLeft UIInterfaceOrientationLandscapeRight";
				LD_RUNPATH_SEARCH_PATHS = (
					"$(inherited)",
					"@executable_path/Frameworks",
				);
				MARKETING_VERSION = 2.0;
				OTHER_LDFLAGS = "";
				PRODUCT_BUNDLE_IDENTIFIER = "app.Saeki.dooon.metronome-app";
				PRODUCT_NAME = "$(TARGET_NAME)";
				SUPPORTED_PLATFORMS = "iphonesimulator iphoneos";
				SUPPORTS_MACCATALYST = YES;
				SWIFT_EMIT_LOC_STRINGS = YES;
				SWIFT_OBJC_BRIDGING_HEADER = "";
				SWIFT_VERSION = 5.0;
				TARGETED_DEVICE_FAMILY = "1,2";
			};
			name = Release;
		};
/* End XCBuildConfiguration section */

/* Begin XCConfigurationList section */
		0FBC94712BFCF89E00D87A25 /* Build configuration list for PBXProject "tanorenn" */ = {
			isa = XCConfigurationList;
			buildConfigurations = (
				0FBC94882BFCF89F00D87A25 /* Debug */,
				0FBC94892BFCF89F00D87A25 /* Release */,
			);
			defaultConfigurationIsVisible = 0;
			defaultConfigurationName = Release;
		};
		0FBC948A2BFCF89F00D87A25 /* Build configuration list for PBXNativeTarget "tanorenn" */ = {
			isa = XCConfigurationList;
			buildConfigurations = (
				0FBC948B2BFCF89F00D87A25 /* Debug */,
				0FBC948C2BFCF89F00D87A25 /* Release */,
			);
			defaultConfigurationIsVisible = 0;
			defaultConfigurationName = Release;
		};
/* End XCConfigurationList section */
	};
	rootObject = 0FBC946E2BFCF89E00D87A25 /* Project object */;
}
